
Microsoft Visual Studio Solution File, Format Version 12.00
# Visual Studio Version 17
VisualStudioVersion = 17.9.34607.119
MinimumVisualStudioVersion = 10.0.40219.1
Project("{FAE04EC0-301F-11D3-BF4B-00C04F79EFBC}") = "Course", "Course\Course.csproj", "{067C449B-31B6-43B4-A4A3-3F8EF4766284}"
EndProject
Global
	GlobalSection(SolutionConfigurationPlatforms) = preSolution
		Debug|Any CPU = Debug|Any CPU
		Release|Any CPU = Release|Any CPU
	EndGlobalSection
	GlobalSection(ProjectConfigurationPlatforms) = postSolution
		{067C449B-31B6-43B4-A4A3-3F8EF4766284}.Debug|Any CPU.ActiveCfg = Debug|Any CPU
		{067C449B-31B6-43B4-A4A3-3F8EF4766284}.Debug|Any CPU.Build.0 = Debug|Any CPU
		{067C449B-31B6-43B4-A4A3-3F8EF4766284}.Release|Any CPU.ActiveCfg = Release|Any CPU
		{067C449B-31B6-43B4-A4A3-3F8EF4766284}.Release|Any CPU.Build.0 = Release|Any CPU
	EndGlobalSection
	GlobalSection(SolutionProperties) = preSolution
		HideSolutionNode = FALSE
	EndGlobalSection
	GlobalSection(ExtensibilityGlobals) = postSolution
		SolutionGuid = {5D9E1288-6E37-4F3E-952A-6871B3EA034A}
	EndGlobalSection
EndGlobal
